
Microsoft Visual Studio Solution File, Format Version 12.00
# Visual Studio Version 16
VisualStudioVersion = 16.0.32002.261
MinimumVisualStudioVersion = 10.0.40219.1
Project("{FAE04EC0-301F-11D3-BF4B-00C04F79EFBC}") = "Find Majority Element", "Find Majority Element\Find Majority Element.csproj", "{DD5ABAC8-DAD8-4D5E-B225-5577142FA10B}"
EndProject
Global
	GlobalSection(SolutionConfigurationPlatforms) = preSolution
		Debug|Any CPU = Debug|Any CPU
		Release|Any CPU = Release|Any CPU
	EndGlobalSection
	GlobalSection(ProjectConfigurationPlatforms) = postSolution
		{DD5ABAC8-DAD8-4D5E-B225-5577142FA10B}.Debug|Any CPU.ActiveCfg = Debug|Any CPU
		{DD5ABAC8-DAD8-4D5E-B225-5577142FA10B}.Debug|Any CPU.Build.0 = Debug|Any CPU
		{DD5ABAC8-DAD8-4D5E-B225-5577142FA10B}.Release|Any CPU.ActiveCfg = Release|Any CPU
		{DD5ABAC8-DAD8-4D5E-B225-5577142FA10B}.Release|Any CPU.Build.0 = Release|Any CPU
	EndGlobalSection
	GlobalSection(SolutionProperties) = preSolution
		HideSolutionNode = FALSE
	EndGlobalSection
	GlobalSection(ExtensibilityGlobals) = postSolution
		SolutionGuid = {6F3D807E-6485-471B-A3E0-7FCA064B676B}
	EndGlobalSection
EndGlobal
